
Microsoft Visual Studio Solution File, Format Version 12.00
# Visual Studio Version 17
VisualStudioVersion = 17.10.35013.160
MinimumVisualStudioVersion = 10.0.40219.1
Project("{FAE04EC0-301F-11D3-BF4B-00C04F79EFBC}") = "Employee_MVC", "Employee_MVC.csproj", "{86C4787A-190E-402B-B8EB-322CDB98FD9F}"
EndProject
Global
	GlobalSection(SolutionConfigurationPlatforms) = preSolution
		Debug|Any CPU = Debug|Any CPU
		Release|Any CPU = Release|Any CPU
	EndGlobalSection
	GlobalSection(ProjectConfigurationPlatforms) = postSolution
		{86C4787A-190E-402B-B8EB-322CDB98FD9F}.Debug|Any CPU.ActiveCfg = Debug|Any CPU
		{86C4787A-190E-402B-B8EB-322CDB98FD9F}.Debug|Any CPU.Build.0 = Debug|Any CPU
		{86C4787A-190E-402B-B8EB-322CDB98FD9F}.Release|Any CPU.ActiveCfg = Release|Any CPU
		{86C4787A-190E-402B-B8EB-322CDB98FD9F}.Release|Any CPU.Build.0 = Release|Any CPU
	EndGlobalSection
	GlobalSection(SolutionProperties) = preSolution
		HideSolutionNode = FALSE
	EndGlobalSection
	GlobalSection(ExtensibilityGlobals) = postSolution
		SolutionGuid = {DB25E515-1B62-43BE-9815-F5A0CFB07153}
	EndGlobalSection
EndGlobal
